
Microsoft Visual Studio Solution File, Format Version 12.00
# Visual Studio Version 17
VisualStudioVersion = 17.9.34714.143
MinimumVisualStudioVersion = 10.0.40219.1
Project("{FAE04EC0-301F-11D3-BF4B-00C04F79EFBC}") = "Checkers2", "Checkers2\Checkers2.csproj", "{6AFFE8E9-1AEB-4FD5-B020-80EF2A20765D}"
EndProject
Global
	GlobalSection(SolutionConfigurationPlatforms) = preSolution
		Debug|Any CPU = Debug|Any CPU
		Release|Any CPU = Release|Any CPU
	EndGlobalSection
	GlobalSection(ProjectConfigurationPlatforms) = postSolution
		{6AFFE8E9-1AEB-4FD5-B020-80EF2A20765D}.Debug|Any CPU.ActiveCfg = Debug|Any CPU
		{6AFFE8E9-1AEB-4FD5-B020-80EF2A20765D}.Debug|Any CPU.Build.0 = Debug|Any CPU
		{6AFFE8E9-1AEB-4FD5-B020-80EF2A20765D}.Release|Any CPU.ActiveCfg = Release|Any CPU
		{6AFFE8E9-1AEB-4FD5-B020-80EF2A20765D}.Release|Any CPU.Build.0 = Release|Any CPU
	EndGlobalSection
	GlobalSection(SolutionProperties) = preSolution
		HideSolutionNode = FALSE
	EndGlobalSection
	GlobalSection(ExtensibilityGlobals) = postSolution
		SolutionGuid = {0EE3EE13-453F-41BB-81BC-FDCD72F2FB41}
	EndGlobalSection
EndGlobal
